
Microsoft Visual Studio Solution File, Format Version 12.00
# Visual Studio Version 16
VisualStudioVersion = 16.0.32901.82
MinimumVisualStudioVersion = 10.0.40219.1
Project("{FAE04EC0-301F-11D3-BF4B-00C04F79EFBC}") = "MarvelSnapTracker", "MarvelSnapTracker\MarvelSnapTracker.csproj", "{DDC918A6-63C4-4C74-BECB-070A0DA6189D}"
EndProject
Global
	GlobalSection(SolutionConfigurationPlatforms) = preSolution
		Debug|Any CPU = Debug|Any CPU
		Release|Any CPU = Release|Any CPU
	EndGlobalSection
	GlobalSection(ProjectConfigurationPlatforms) = postSolution
		{DDC918A6-63C4-4C74-BECB-070A0DA6189D}.Debug|Any CPU.ActiveCfg = Debug|Any CPU
		{DDC918A6-63C4-4C74-BECB-070A0DA6189D}.Debug|Any CPU.Build.0 = Debug|Any CPU
		{DDC918A6-63C4-4C74-BECB-070A0DA6189D}.Release|Any CPU.ActiveCfg = Release|Any CPU
		{DDC918A6-63C4-4C74-BECB-070A0DA6189D}.Release|Any CPU.Build.0 = Release|Any CPU
	EndGlobalSection
	GlobalSection(SolutionProperties) = preSolution
		HideSolutionNode = FALSE
	EndGlobalSection
	GlobalSection(ExtensibilityGlobals) = postSolution
		SolutionGuid = {0732881D-1EA4-42B6-83E7-BC77477F02A6}
	EndGlobalSection
EndGlobal
